
Microsoft Visual Studio Solution File, Format Version 12.00
# Visual Studio 15
VisualStudioVersion = 15.0.27703.2042
MinimumVisualStudioVersion = 10.0.40219.1
Project("{9A19103F-16F7-4668-BE54-9A1E7A4F7556}") = "NetCoreSqlClientPlay", "src\NetCoreSqlClientPlay.csproj", "{98CD1E21-C42F-40A2-AF9A-0C8CE8339B5A}"
EndProject
Project("{2150E333-8FDC-42A3-9474-1A3956D46DE8}") = "Solution Items", "Solution Items", "{41F3BCBC-1C55-469E-8EA3-B0CB45A8964C}"
	ProjectSection(SolutionItems) = preProject
		README.md = README.md
	EndProjectSection
EndProject
Global
	GlobalSection(SolutionConfigurationPlatforms) = preSolution
		Debug|Any CPU = Debug|Any CPU
		Release|Any CPU = Release|Any CPU
	EndGlobalSection
	GlobalSection(ProjectConfigurationPlatforms) = postSolution
		{98CD1E21-C42F-40A2-AF9A-0C8CE8339B5A}.Debug|Any CPU.ActiveCfg = Debug|Any CPU
		{98CD1E21-C42F-40A2-AF9A-0C8CE8339B5A}.Debug|Any CPU.Build.0 = Debug|Any CPU
		{98CD1E21-C42F-40A2-AF9A-0C8CE8339B5A}.Release|Any CPU.ActiveCfg = Release|Any CPU
		{98CD1E21-C42F-40A2-AF9A-0C8CE8339B5A}.Release|Any CPU.Build.0 = Release|Any CPU
	EndGlobalSection
	GlobalSection(SolutionProperties) = preSolution
		HideSolutionNode = FALSE
	EndGlobalSection
	GlobalSection(ExtensibilityGlobals) = postSolution
		SolutionGuid = {CB802C54-E8D6-43AC-8A57-E527F6A4C226}
	EndGlobalSection
EndGlobal
